
Microsoft Visual Studio Solution File, Format Version 12.00
# Visual Studio Version 17
VisualStudioVersion = 17.13.35919.96 d17.13
MinimumVisualStudioVersion = 10.0.40219.1
Project("{FAE04EC0-301F-11D3-BF4B-00C04F79EFBC}") = "HybridTaskManager", "HybridTaskManager\HybridTaskManager.csproj", "{4F2A6F72-F5B9-45D7-8D02-21012B125FF9}"
EndProject
Global
	GlobalSection(SolutionConfigurationPlatforms) = preSolution
		Debug|Any CPU = Debug|Any CPU
		Release|Any CPU = Release|Any CPU
	EndGlobalSection
	GlobalSection(ProjectConfigurationPlatforms) = postSolution
		{4F2A6F72-F5B9-45D7-8D02-21012B125FF9}.Debug|Any CPU.ActiveCfg = Debug|Any CPU
		{4F2A6F72-F5B9-45D7-8D02-21012B125FF9}.Debug|Any CPU.Build.0 = Debug|Any CPU
		{4F2A6F72-F5B9-45D7-8D02-21012B125FF9}.Release|Any CPU.ActiveCfg = Release|Any CPU
		{4F2A6F72-F5B9-45D7-8D02-21012B125FF9}.Release|Any CPU.Build.0 = Release|Any CPU
	EndGlobalSection
	GlobalSection(SolutionProperties) = preSolution
		HideSolutionNode = FALSE
	EndGlobalSection
	GlobalSection(ExtensibilityGlobals) = postSolution
		SolutionGuid = {65E74F4F-57B3-4553-A4F6-BF313C6755DC}
	EndGlobalSection
EndGlobal
